
Microsoft Visual Studio Solution File, Format Version 12.00
# Visual Studio Version 16
VisualStudioVersion = 16.0.30320.27
MinimumVisualStudioVersion = 10.0.40219.1
Project("{FAE04EC0-301F-11D3-BF4B-00C04F79EFBC}") = "TextFilteringTool", "TextFilteringTool\TextFilteringTool.csproj", "{F9608EE1-2D6D-408C-8807-697DBDB2124C}"
EndProject
Project("{9A19103F-16F7-4668-BE54-9A1E7A4F7556}") = "TextFilteringTool.Tests", "TextFilteringTool.Tests\TextFilteringTool.Tests.csproj", "{4AA5740E-F465-497B-A726-49FD5231675A}"
EndProject
Global
	GlobalSection(SolutionConfigurationPlatforms) = preSolution
		Debug|Any CPU = Debug|Any CPU
		Release|Any CPU = Release|Any CPU
	EndGlobalSection
	GlobalSection(ProjectConfigurationPlatforms) = postSolution
		{F9608EE1-2D6D-408C-8807-697DBDB2124C}.Debug|Any CPU.ActiveCfg = Debug|Any CPU
		{F9608EE1-2D6D-408C-8807-697DBDB2124C}.Debug|Any CPU.Build.0 = Debug|Any CPU
		{F9608EE1-2D6D-408C-8807-697DBDB2124C}.Release|Any CPU.ActiveCfg = Release|Any CPU
		{F9608EE1-2D6D-408C-8807-697DBDB2124C}.Release|Any CPU.Build.0 = Release|Any CPU
		{4AA5740E-F465-497B-A726-49FD5231675A}.Debug|Any CPU.ActiveCfg = Debug|Any CPU
		{4AA5740E-F465-497B-A726-49FD5231675A}.Debug|Any CPU.Build.0 = Debug|Any CPU
		{4AA5740E-F465-497B-A726-49FD5231675A}.Release|Any CPU.ActiveCfg = Release|Any CPU
		{4AA5740E-F465-497B-A726-49FD5231675A}.Release|Any CPU.Build.0 = Release|Any CPU
	EndGlobalSection
	GlobalSection(SolutionProperties) = preSolution
		HideSolutionNode = FALSE
	EndGlobalSection
	GlobalSection(ExtensibilityGlobals) = postSolution
		SolutionGuid = {180CCECC-B8F7-434C-ACA4-A71FF17125A4}
	EndGlobalSection
EndGlobal
